
Microsoft Visual Studio Solution File, Format Version 12.00
# Visual Studio Version 17
VisualStudioVersion = 17.4.33103.184
MinimumVisualStudioVersion = 10.0.40219.1
Project("{FAE04EC0-301F-11D3-BF4B-00C04F79EFBC}") = "SandwichProcessor", "SandwichProcessor\SandwichProcessor.csproj", "{B1AE316A-2338-4BF4-9AED-E9128C4CCC6C}"
EndProject
Global
	GlobalSection(SolutionConfigurationPlatforms) = preSolution
		Debug|Any CPU = Debug|Any CPU
		Release|Any CPU = Release|Any CPU
	EndGlobalSection
	GlobalSection(ProjectConfigurationPlatforms) = postSolution
		{B1AE316A-2338-4BF4-9AED-E9128C4CCC6C}.Debug|Any CPU.ActiveCfg = Debug|Any CPU
		{B1AE316A-2338-4BF4-9AED-E9128C4CCC6C}.Debug|Any CPU.Build.0 = Debug|Any CPU
		{B1AE316A-2338-4BF4-9AED-E9128C4CCC6C}.Release|Any CPU.ActiveCfg = Release|Any CPU
		{B1AE316A-2338-4BF4-9AED-E9128C4CCC6C}.Release|Any CPU.Build.0 = Release|Any CPU
	EndGlobalSection
	GlobalSection(SolutionProperties) = preSolution
		HideSolutionNode = FALSE
	EndGlobalSection
	GlobalSection(ExtensibilityGlobals) = postSolution
		SolutionGuid = {88CEA16A-59A0-4A90-A1A8-8E888E657079}
	EndGlobalSection
EndGlobal
