
Microsoft Visual Studio Solution File, Format Version 12.00
# Visual Studio Version 17
VisualStudioVersion = 17.4.33103.184
MinimumVisualStudioVersion = 10.0.40219.1
Project("{FAE04EC0-301F-11D3-BF4B-00C04F79EFBC}") = "BeerProcessor", "BeerProcessor\BeerProcessor.csproj", "{5631C480-B642-43DA-9C0A-694465A1E5FD}"
EndProject
Global
	GlobalSection(SolutionConfigurationPlatforms) = preSolution
		Debug|Any CPU = Debug|Any CPU
		Release|Any CPU = Release|Any CPU
	EndGlobalSection
	GlobalSection(ProjectConfigurationPlatforms) = postSolution
		{5631C480-B642-43DA-9C0A-694465A1E5FD}.Debug|Any CPU.ActiveCfg = Debug|Any CPU
		{5631C480-B642-43DA-9C0A-694465A1E5FD}.Debug|Any CPU.Build.0 = Debug|Any CPU
		{5631C480-B642-43DA-9C0A-694465A1E5FD}.Release|Any CPU.ActiveCfg = Release|Any CPU
		{5631C480-B642-43DA-9C0A-694465A1E5FD}.Release|Any CPU.Build.0 = Release|Any CPU
	EndGlobalSection
	GlobalSection(SolutionProperties) = preSolution
		HideSolutionNode = FALSE
	EndGlobalSection
	GlobalSection(ExtensibilityGlobals) = postSolution
		SolutionGuid = {A2A6A391-4FE4-44C9-8ACB-D4733AADBC3C}
	EndGlobalSection
EndGlobal
