
Microsoft Visual Studio Solution File, Format Version 12.00
# Visual Studio Version 17
VisualStudioVersion = 17.4.33103.184
MinimumVisualStudioVersion = 10.0.40219.1
Project("{FAE04EC0-301F-11D3-BF4B-00C04F79EFBC}") = "Zadanie_06", "Zadanie_06\Zadanie_06.csproj", "{9515C48D-EE30-413F-B61D-5B8B9B28BFAA}"
EndProject
Global
	GlobalSection(SolutionConfigurationPlatforms) = preSolution
		Debug|Any CPU = Debug|Any CPU
		Release|Any CPU = Release|Any CPU
	EndGlobalSection
	GlobalSection(ProjectConfigurationPlatforms) = postSolution
		{9515C48D-EE30-413F-B61D-5B8B9B28BFAA}.Debug|Any CPU.ActiveCfg = Debug|Any CPU
		{9515C48D-EE30-413F-B61D-5B8B9B28BFAA}.Debug|Any CPU.Build.0 = Debug|Any CPU
		{9515C48D-EE30-413F-B61D-5B8B9B28BFAA}.Release|Any CPU.ActiveCfg = Release|Any CPU
		{9515C48D-EE30-413F-B61D-5B8B9B28BFAA}.Release|Any CPU.Build.0 = Release|Any CPU
	EndGlobalSection
	GlobalSection(SolutionProperties) = preSolution
		HideSolutionNode = FALSE
	EndGlobalSection
	GlobalSection(ExtensibilityGlobals) = postSolution
		SolutionGuid = {357004C2-66AF-4B06-803E-E5D2BCDFACCA}
	EndGlobalSection
EndGlobal
